
Microsoft Visual Studio Solution File, Format Version 12.00
# Visual Studio 15
VisualStudioVersion = 15.0.28010.2048
MinimumVisualStudioVersion = 10.0.40219.1
Project("{FAE04EC0-301F-11D3-BF4B-00C04F79EFBC}") = "WebApiCoreWithMongoDb", "WebApiCoreWithMongoDb\WebApiCoreWithMongoDb.csproj", "{56C12658-0A60-454A-8AAF-32DE3BA230AF}"
EndProject
Global
	GlobalSection(SolutionConfigurationPlatforms) = preSolution
		Debug|Any CPU = Debug|Any CPU
		Release|Any CPU = Release|Any CPU
	EndGlobalSection
	GlobalSection(ProjectConfigurationPlatforms) = postSolution
		{56C12658-0A60-454A-8AAF-32DE3BA230AF}.Debug|Any CPU.ActiveCfg = Debug|Any CPU
		{56C12658-0A60-454A-8AAF-32DE3BA230AF}.Debug|Any CPU.Build.0 = Debug|Any CPU
		{56C12658-0A60-454A-8AAF-32DE3BA230AF}.Release|Any CPU.ActiveCfg = Release|Any CPU
		{56C12658-0A60-454A-8AAF-32DE3BA230AF}.Release|Any CPU.Build.0 = Release|Any CPU
	EndGlobalSection
	GlobalSection(SolutionProperties) = preSolution
		HideSolutionNode = FALSE
	EndGlobalSection
	GlobalSection(ExtensibilityGlobals) = postSolution
		SolutionGuid = {C1ABC3AF-2CF0-4CA4-9BD8-D7DBA231CE00}
	EndGlobalSection
EndGlobal
